// !$*UTF8*$!
{
	archiveVersion = 1;
	classes = {
	};
	objectVersion = 77;
	objects = {

/* Begin PBXBuildFile section */
		37021D592DE9E0E5004BE1C5 /* BindingBootcamp.swift in Sources */ = {isa = PBXBuildFile; fileRef = 37021D582DE9E0E5004BE1C5 /* BindingBootcamp.swift */; };
		37021D5B2DE9E407004BE1C5 /* ConditionalBootcamp.swift in Sources */ = {isa = PBXBuildFile; fileRef = 37021D5A2DE9E407004BE1C5 /* ConditionalBootcamp.swift */; };
		37021D5D2DE9E82A004BE1C5 /* TernaryBootcamp.swift in Sources */ = {isa = PBXBuildFile; fileRef = 37021D5C2DE9E82A004BE1C5 /* TernaryBootcamp.swift */; };
		37021D5F2DE9EABF004BE1C5 /* AnimationBootcamp.swift in Sources */ = {isa = PBXBuildFile; fileRef = 37021D5E2DE9EABF004BE1C5 /* AnimationBootcamp.swift */; };
		37021D612DE9ECAA004BE1C5 /* AnimationTimingBootcamp.swift in Sources */ = {isa = PBXBuildFile; fileRef = 37021D602DE9ECAA004BE1C5 /* AnimationTimingBootcamp.swift */; };
		37110BAA2DE83A2600847AF9 /* Assets.xcassets in Resources */ = {isa = PBXBuildFile; fileRef = 37110B9F2DE83A2600847AF9 /* Assets.xcassets */; };
		37110BAB2DE83A2600847AF9 /* ColorsBootcamp.swift in Sources */ = {isa = PBXBuildFile; fileRef = 37110BA02DE83A2600847AF9 /* ColorsBootcamp.swift */; };
		37110BAC2DE83A2600847AF9 /* ContentView.swift in Sources */ = {isa = PBXBuildFile; fileRef = 37110BA12DE83A2600847AF9 /* ContentView.swift */; };
		37110BAD2DE83A2600847AF9 /* FrameBootcamp.swift in Sources */ = {isa = PBXBuildFile; fileRef = 37110BA22DE83A2600847AF9 /* FrameBootcamp.swift */; };
		37110BAE2DE83A2600847AF9 /* GradientsBootcamp.swift in Sources */ = {isa = PBXBuildFile; fileRef = 37110BA32DE83A2600847AF9 /* GradientsBootcamp.swift */; };
		37110BAF2DE83A2600847AF9 /* IconsBootcamp.swift in Sources */ = {isa = PBXBuildFile; fileRef = 37110BA42DE83A2600847AF9 /* IconsBootcamp.swift */; };
		37110BB02DE83A2600847AF9 /* ImagesBootcamp.swift in Sources */ = {isa = PBXBuildFile; fileRef = 37110BA52DE83A2600847AF9 /* ImagesBootcamp.swift */; };
		37110BB12DE83A2600847AF9 /* ShapesBootcamp.swift in Sources */ = {isa = PBXBuildFile; fileRef = 37110BA62DE83A2600847AF9 /* ShapesBootcamp.swift */; };
		37110BB22DE83A2600847AF9 /* SwiftfulThinkingBootcampApp.swift in Sources */ = {isa = PBXBuildFile; fileRef = 37110BA72DE83A2600847AF9 /* SwiftfulThinkingBootcampApp.swift */; };
		37110BB32DE83A2600847AF9 /* TextBootcamp.swift in Sources */ = {isa = PBXBuildFile; fileRef = 37110BA82DE83A2600847AF9 /* TextBootcamp.swift */; };
		37110BB52DE83B2200847AF9 /* BackgroundAndOverlayBootcamp.swift in Sources */ = {isa = PBXBuildFile; fileRef = 37110BB42DE83B2200847AF9 /* BackgroundAndOverlayBootcamp.swift */; };
		37110BB72DE83B5200847AF9 /* StacksBootcamp.swift in Sources */ = {isa = PBXBuildFile; fileRef = 37110BB62DE83B5200847AF9 /* StacksBootcamp.swift */; };
		37110BB92DE83BA600847AF9 /* PaddingAndSpacerBootcamp.swift in Sources */ = {isa = PBXBuildFile; fileRef = 37110BB82DE83BA600847AF9 /* PaddingAndSpacerBootcamp.swift */; };
		37110BBD2DE83BE700847AF9 /* SpacerBootcamp.swift in Sources */ = {isa = PBXBuildFile; fileRef = 37110BBC2DE83BE700847AF9 /* SpacerBootcamp.swift */; };
		37110BBF2DE83CC300847AF9 /* InitializerBootcamp.swift in Sources */ = {isa = PBXBuildFile; fileRef = 37110BBE2DE83CC300847AF9 /* InitializerBootcamp.swift */; };
		37110BC12DE8417D00847AF9 /* ForEachBootcamp.swift in Sources */ = {isa = PBXBuildFile; fileRef = 37110BC02DE8417D00847AF9 /* ForEachBootcamp.swift */; };
		37110BC32DE8449F00847AF9 /* ScrollViewBootcamp.swift in Sources */ = {isa = PBXBuildFile; fileRef = 37110BC22DE8449F00847AF9 /* ScrollViewBootcamp.swift */; };
		37110BC52DE848CF00847AF9 /* GridBootcamp.swift in Sources */ = {isa = PBXBuildFile; fileRef = 37110BC42DE848CF00847AF9 /* GridBootcamp.swift */; };
		37110BC72DE84DFE00847AF9 /* SafeAreaBootcamp.swift in Sources */ = {isa = PBXBuildFile; fileRef = 37110BC62DE84DFE00847AF9 /* SafeAreaBootcamp.swift */; };
		37110BC92DE8519D00847AF9 /* ButtonStylesBootcamp.swift in Sources */ = {isa = PBXBuildFile; fileRef = 37110BC82DE8519D00847AF9 /* ButtonStylesBootcamp.swift */; };
		37110BFB2DE8555C00847AF9 /* StateBootcamp.swift in Sources */ = {isa = PBXBuildFile; fileRef = 37110BFA2DE8555C00847AF9 /* StateBootcamp.swift */; };
		37110BFD2DE8559B00847AF9 /* ExtractedFunctionsBootcamp.swift in Sources */ = {isa = PBXBuildFile; fileRef = 37110BFC2DE8559B00847AF9 /* ExtractedFunctionsBootcamp.swift */; };
		37110BFF2DE855D500847AF9 /* ExtractedSubviewsBoocamp.swift in Sources */ = {isa = PBXBuildFile; fileRef = 37110BFE2DE855D500847AF9 /* ExtractedSubviewsBoocamp.swift */; };
		3740FE242DF0291D005CFAD3 /* ViewModelBootcamp.swift in Sources */ = {isa = PBXBuildFile; fileRef = 3740FE232DF0290F005CFAD3 /* ViewModelBootcamp.swift */; };
		3740FE262DF02EFF005CFAD3 /* EnvironmentObjectBootcamp.swift in Sources */ = {isa = PBXBuildFile; fileRef = 3740FE252DF02EFF005CFAD3 /* EnvironmentObjectBootcamp.swift */; };
		3740FE282DF04078005CFAD3 /* AppStorageBootcamp.swift in Sources */ = {isa = PBXBuildFile; fileRef = 3740FE272DF04078005CFAD3 /* AppStorageBootcamp.swift */; };
		375E1A8B2DF3173700BF9592 /* Introview.swift in Sources */ = {isa = PBXBuildFile; fileRef = 375E1A8A2DF3173700BF9592 /* Introview.swift */; };
		375E1A8D2DF3175300BF9592 /* ProfileView.swift in Sources */ = {isa = PBXBuildFile; fileRef = 375E1A8C2DF3175300BF9592 /* ProfileView.swift */; };
		375E1A8F2DF3177600BF9592 /* OnboardingView.swift in Sources */ = {isa = PBXBuildFile; fileRef = 375E1A8E2DF3177600BF9592 /* OnboardingView.swift */; };
		3794D4DA2DEDD63900747303 /* SliderBootcamp.swift in Sources */ = {isa = PBXBuildFile; fileRef = 3794D4D92DEDD63100747303 /* SliderBootcamp.swift */; };
		3794D4DC2DEDD9F800747303 /* TabViewBootcamp.swift in Sources */ = {isa = PBXBuildFile; fileRef = 3794D4DB2DEDD9F800747303 /* TabViewBootcamp.swift */; };
		3794D4DE2DEDE15E00747303 /* DarkModeBootcamp.swift in Sources */ = {isa = PBXBuildFile; fileRef = 3794D4DD2DEDE15E00747303 /* DarkModeBootcamp.swift */; };
		3794D4E02DEDE20800747303 /* DocumentationBootcamp.swift in Sources */ = {isa = PBXBuildFile; fileRef = 3794D4DF2DEDE20800747303 /* DocumentationBootcamp.swift */; };
		3796EF582DEC36120028DE95 /* ContextMenuBootcamp.swift in Sources */ = {isa = PBXBuildFile; fileRef = 3796EF572DEC36120028DE95 /* ContextMenuBootcamp.swift */; };
		3796EF5A2DEC387B0028DE95 /* TextFieldBootcamp.swift in Sources */ = {isa = PBXBuildFile; fileRef = 3796EF592DEC387B0028DE95 /* TextFieldBootcamp.swift */; };
		3796EF5C2DEC3EA20028DE95 /* TextEditorBootcamp.swift in Sources */ = {isa = PBXBuildFile; fileRef = 3796EF5B2DEC3EA20028DE95 /* TextEditorBootcamp.swift */; };
		3796EF5E2DEC41630028DE95 /* ToogleBootcamp.swift in Sources */ = {isa = PBXBuildFile; fileRef = 3796EF5D2DEC41630028DE95 /* ToogleBootcamp.swift */; };
		3796EF602DEC433C0028DE95 /* PickerBootcamp.swift in Sources */ = {isa = PBXBuildFile; fileRef = 3796EF5F2DEC43340028DE95 /* PickerBootcamp.swift */; };
		379A3FF92DF45099009ABF9B /* AsyncImageBoocamp.swift in Sources */ = {isa = PBXBuildFile; fileRef = 379A3FF82DF45099009ABF9B /* AsyncImageBoocamp.swift */; };
		379A3FFB2DF450E1009ABF9B /* BackgroundMaterialsBootcamp.swift in Sources */ = {isa = PBXBuildFile; fileRef = 379A3FFA2DF450E1009ABF9B /* BackgroundMaterialsBootcamp.swift */; };
		379A3FFD2DF45124009ABF9B /* TextSelectionBootcamp.swift in Sources */ = {isa = PBXBuildFile; fileRef = 379A3FFC2DF45124009ABF9B /* TextSelectionBootcamp.swift */; };
		379A3FFF2DF45151009ABF9B /* ButtonsBootcamp.swift in Sources */ = {isa = PBXBuildFile; fileRef = 379A3FFE2DF45151009ABF9B /* ButtonsBootcamp.swift */; };
		37CEB1242DEC898D0037DA6A /* ColorPickerBootcamp.swift in Sources */ = {isa = PBXBuildFile; fileRef = 37CEB1232DEC898D0037DA6A /* ColorPickerBootcamp.swift */; };
		37CEB1262DEC8B000037DA6A /* DatePickerBootcamp.swift in Sources */ = {isa = PBXBuildFile; fileRef = 37CEB1252DEC8B000037DA6A /* DatePickerBootcamp.swift */; };
		37CEB1282DEC8E280037DA6A /* StepperBootcamp.swift in Sources */ = {isa = PBXBuildFile; fileRef = 37CEB1272DEC8E280037DA6A /* StepperBootcamp.swift */; };
		37E8A6322DEF25B600952840 /* OnAppearBootcamp.swift in Sources */ = {isa = PBXBuildFile; fileRef = 37E8A6312DEF25B600952840 /* OnAppearBootcamp.swift */; };
		37E8A6342DEF283200952840 /* IfLetGuardBootcamp.swift in Sources */ = {isa = PBXBuildFile; fileRef = 37E8A6332DEF283200952840 /* IfLetGuardBootcamp.swift */; };
		37E8A6362DEF349700952840 /* TapGestureBootcamp.swift in Sources */ = {isa = PBXBuildFile; fileRef = 37E8A6352DEF349700952840 /* TapGestureBootcamp.swift */; };
		37E8A6382DEF36E300952840 /* ModelBootcamp.swift in Sources */ = {isa = PBXBuildFile; fileRef = 37E8A6372DEF36E300952840 /* ModelBootcamp.swift */; };
		37F519F92DEB4A3000B40ABE /* TransitionBootcamp.swift in Sources */ = {isa = PBXBuildFile; fileRef = 37F519F82DEB4A3000B40ABE /* TransitionBootcamp.swift */; };
		37F519FB2DEB4C8A00B40ABE /* SheetsBootcamp.swift in Sources */ = {isa = PBXBuildFile; fileRef = 37F519FA2DEB4C8A00B40ABE /* SheetsBootcamp.swift */; };
		37F519FD2DEB50FD00B40ABE /* PopoverBootcamp.swift in Sources */ = {isa = PBXBuildFile; fileRef = 37F519FC2DEB50FD00B40ABE /* PopoverBootcamp.swift */; };
		37F519FF2DEB552000B40ABE /* NavigationViewBootcamp.swift in Sources */ = {isa = PBXBuildFile; fileRef = 37F519FE2DEB552000B40ABE /* NavigationViewBootcamp.swift */; };
		37F51A012DEB598400B40ABE /* ListBootcamp.swift in Sources */ = {isa = PBXBuildFile; fileRef = 37F51A002DEB598400B40ABE /* ListBootcamp.swift */; };
		37F51A032DEB5FDF00B40ABE /* AlertBootcamp.swift in Sources */ = {isa = PBXBuildFile; fileRef = 37F51A022DEB5FDF00B40ABE /* AlertBootcamp.swift */; };
		37F51A052DEB631000B40ABE /* ActionsheetBootcamp.swift in Sources */ = {isa = PBXBuildFile; fileRef = 37F51A042DEB631000B40ABE /* ActionsheetBootcamp.swift */; };
/* End PBXBuildFile section */

/* Begin PBXFileReference section */
		37021D582DE9E0E5004BE1C5 /* BindingBootcamp.swift */ = {isa = PBXFileReference; lastKnownFileType = sourcecode.swift; path = BindingBootcamp.swift; sourceTree = "<group>"; };
		37021D5A2DE9E407004BE1C5 /* ConditionalBootcamp.swift */ = {isa = PBXFileReference; lastKnownFileType = sourcecode.swift; path = ConditionalBootcamp.swift; sourceTree = "<group>"; };
		37021D5C2DE9E82A004BE1C5 /* TernaryBootcamp.swift */ = {isa = PBXFileReference; lastKnownFileType = sourcecode.swift; path = TernaryBootcamp.swift; sourceTree = "<group>"; };
		37021D5E2DE9EABF004BE1C5 /* AnimationBootcamp.swift */ = {isa = PBXFileReference; lastKnownFileType = sourcecode.swift; path = AnimationBootcamp.swift; sourceTree = "<group>"; };
		37021D602DE9ECAA004BE1C5 /* AnimationTimingBootcamp.swift */ = {isa = PBXFileReference; lastKnownFileType = sourcecode.swift; path = AnimationTimingBootcamp.swift; sourceTree = "<group>"; };
		37110B9F2DE83A2600847AF9 /* Assets.xcassets */ = {isa = PBXFileReference; lastKnownFileType = folder.assetcatalog; path = Assets.xcassets; sourceTree = "<group>"; };
		37110BA02DE83A2600847AF9 /* ColorsBootcamp.swift */ = {isa = PBXFileReference; lastKnownFileType = sourcecode.swift; path = ColorsBootcamp.swift; sourceTree = "<group>"; };
		37110BA12DE83A2600847AF9 /* ContentView.swift */ = {isa = PBXFileReference; lastKnownFileType = sourcecode.swift; path = ContentView.swift; sourceTree = "<group>"; };
		37110BA22DE83A2600847AF9 /* FrameBootcamp.swift */ = {isa = PBXFileReference; lastKnownFileType = sourcecode.swift; path = FrameBootcamp.swift; sourceTree = "<group>"; };
		37110BA32DE83A2600847AF9 /* GradientsBootcamp.swift */ = {isa = PBXFileReference; lastKnownFileType = sourcecode.swift; path = GradientsBootcamp.swift; sourceTree = "<group>"; };
		37110BA42DE83A2600847AF9 /* IconsBootcamp.swift */ = {isa = PBXFileReference; lastKnownFileType = sourcecode.swift; path = IconsBootcamp.swift; sourceTree = "<group>"; };
		37110BA52DE83A2600847AF9 /* ImagesBootcamp.swift */ = {isa = PBXFileReference; lastKnownFileType = sourcecode.swift; path = ImagesBootcamp.swift; sourceTree = "<group>"; };
		37110BA62DE83A2600847AF9 /* ShapesBootcamp.swift */ = {isa = PBXFileReference; lastKnownFileType = sourcecode.swift; path = ShapesBootcamp.swift; sourceTree = "<group>"; };
		37110BA72DE83A2600847AF9 /* SwiftfulThinkingBootcampApp.swift */ = {isa = PBXFileReference; lastKnownFileType = sourcecode.swift; path = SwiftfulThinkingBootcampApp.swift; sourceTree = "<group>"; };
		37110BA82DE83A2600847AF9 /* TextBootcamp.swift */ = {isa = PBXFileReference; lastKnownFileType = sourcecode.swift; path = TextBootcamp.swift; sourceTree = "<group>"; };
		37110BB42DE83B2200847AF9 /* BackgroundAndOverlayBootcamp.swift */ = {isa = PBXFileReference; lastKnownFileType = sourcecode.swift; path = BackgroundAndOverlayBootcamp.swift; sourceTree = "<group>"; };
		37110BB62DE83B5200847AF9 /* StacksBootcamp.swift */ = {isa = PBXFileReference; lastKnownFileType = sourcecode.swift; path = StacksBootcamp.swift; sourceTree = "<group>"; };
		37110BB82DE83BA600847AF9 /* PaddingAndSpacerBootcamp.swift */ = {isa = PBXFileReference; lastKnownFileType = sourcecode.swift; path = PaddingAndSpacerBootcamp.swift; sourceTree = "<group>"; };
		37110BBC2DE83BE700847AF9 /* SpacerBootcamp.swift */ = {isa = PBXFileReference; lastKnownFileType = sourcecode.swift; path = SpacerBootcamp.swift; sourceTree = "<group>"; };
		37110BBE2DE83CC300847AF9 /* InitializerBootcamp.swift */ = {isa = PBXFileReference; lastKnownFileType = sourcecode.swift; path = InitializerBootcamp.swift; sourceTree = "<group>"; };
		37110BC02DE8417D00847AF9 /* ForEachBootcamp.swift */ = {isa = PBXFileReference; lastKnownFileType = sourcecode.swift; path = ForEachBootcamp.swift; sourceTree = "<group>"; };
		37110BC22DE8449F00847AF9 /* ScrollViewBootcamp.swift */ = {isa = PBXFileReference; lastKnownFileType = sourcecode.swift; path = ScrollViewBootcamp.swift; sourceTree = "<group>"; };
		37110BC42DE848CF00847AF9 /* GridBootcamp.swift */ = {isa = PBXFileReference; lastKnownFileType = sourcecode.swift; path = GridBootcamp.swift; sourceTree = "<group>"; };
		37110BC62DE84DFE00847AF9 /* SafeAreaBootcamp.swift */ = {isa = PBXFileReference; lastKnownFileType = sourcecode.swift; path = SafeAreaBootcamp.swift; sourceTree = "<group>"; };
		37110BC82DE8519D00847AF9 /* ButtonStylesBootcamp.swift */ = {isa = PBXFileReference; lastKnownFileType = sourcecode.swift; path = ButtonStylesBootcamp.swift; sourceTree = "<group>"; };
		37110BFA2DE8555C00847AF9 /* StateBootcamp.swift */ = {isa = PBXFileReference; lastKnownFileType = sourcecode.swift; path = StateBootcamp.swift; sourceTree = "<group>"; };
		37110BFC2DE8559B00847AF9 /* ExtractedFunctionsBootcamp.swift */ = {isa = PBXFileReference; lastKnownFileType = sourcecode.swift; path = ExtractedFunctionsBootcamp.swift; sourceTree = "<group>"; };
		37110BFE2DE855D500847AF9 /* ExtractedSubviewsBoocamp.swift */ = {isa = PBXFileReference; lastKnownFileType = sourcecode.swift; path = ExtractedSubviewsBoocamp.swift; sourceTree = "<group>"; };
		371633A62DE4A10600B71769 /* SwiftfulThinkingBootcamp.app */ = {isa = PBXFileReference; explicitFileType = wrapper.application; includeInIndex = 0; path = SwiftfulThinkingBootcamp.app; sourceTree = BUILT_PRODUCTS_DIR; };
		3740FE232DF0290F005CFAD3 /* ViewModelBootcamp.swift */ = {isa = PBXFileReference; lastKnownFileType = sourcecode.swift; path = ViewModelBootcamp.swift; sourceTree = "<group>"; };
		3740FE252DF02EFF005CFAD3 /* EnvironmentObjectBootcamp.swift */ = {isa = PBXFileReference; lastKnownFileType = sourcecode.swift; path = EnvironmentObjectBootcamp.swift; sourceTree = "<group>"; };
		3740FE272DF04078005CFAD3 /* AppStorageBootcamp.swift */ = {isa = PBXFileReference; lastKnownFileType = sourcecode.swift; path = AppStorageBootcamp.swift; sourceTree = "<group>"; };
		375E1A8A2DF3173700BF9592 /* Introview.swift */ = {isa = PBXFileReference; lastKnownFileType = sourcecode.swift; path = Introview.swift; sourceTree = "<group>"; };
		375E1A8C2DF3175300BF9592 /* ProfileView.swift */ = {isa = PBXFileReference; lastKnownFileType = sourcecode.swift; path = ProfileView.swift; sourceTree = "<group>"; };
		375E1A8E2DF3177600BF9592 /* OnboardingView.swift */ = {isa = PBXFileReference; lastKnownFileType = sourcecode.swift; path = OnboardingView.swift; sourceTree = "<group>"; };
		3794D4D92DEDD63100747303 /* SliderBootcamp.swift */ = {isa = PBXFileReference; lastKnownFileType = sourcecode.swift; path = SliderBootcamp.swift; sourceTree = "<group>"; };
		3794D4DB2DEDD9F800747303 /* TabViewBootcamp.swift */ = {isa = PBXFileReference; lastKnownFileType = sourcecode.swift; path = TabViewBootcamp.swift; sourceTree = "<group>"; };
		3794D4DD2DEDE15E00747303 /* DarkModeBootcamp.swift */ = {isa = PBXFileReference; lastKnownFileType = sourcecode.swift; path = DarkModeBootcamp.swift; sourceTree = "<group>"; };
		3794D4DF2DEDE20800747303 /* DocumentationBootcamp.swift */ = {isa = PBXFileReference; lastKnownFileType = sourcecode.swift; path = DocumentationBootcamp.swift; sourceTree = "<group>"; };
		3796EF572DEC36120028DE95 /* ContextMenuBootcamp.swift */ = {isa = PBXFileReference; lastKnownFileType = sourcecode.swift; path = ContextMenuBootcamp.swift; sourceTree = "<group>"; };
		3796EF592DEC387B0028DE95 /* TextFieldBootcamp.swift */ = {isa = PBXFileReference; lastKnownFileType = sourcecode.swift; path = TextFieldBootcamp.swift; sourceTree = "<group>"; };
		3796EF5B2DEC3EA20028DE95 /* TextEditorBootcamp.swift */ = {isa = PBXFileReference; lastKnownFileType = sourcecode.swift; path = TextEditorBootcamp.swift; sourceTree = "<group>"; };
		3796EF5D2DEC41630028DE95 /* ToogleBootcamp.swift */ = {isa = PBXFileReference; lastKnownFileType = sourcecode.swift; path = ToogleBootcamp.swift; sourceTree = "<group>"; };
		3796EF5F2DEC43340028DE95 /* PickerBootcamp.swift */ = {isa = PBXFileReference; lastKnownFileType = sourcecode.swift; path = PickerBootcamp.swift; sourceTree = "<group>"; };
		379A3FF82DF45099009ABF9B /* AsyncImageBoocamp.swift */ = {isa = PBXFileReference; lastKnownFileType = sourcecode.swift; path = AsyncImageBoocamp.swift; sourceTree = "<group>"; };
		379A3FFA2DF450E1009ABF9B /* BackgroundMaterialsBootcamp.swift */ = {isa = PBXFileReference; lastKnownFileType = sourcecode.swift; path = BackgroundMaterialsBootcamp.swift; sourceTree = "<group>"; };
		379A3FFC2DF45124009ABF9B /* TextSelectionBootcamp.swift */ = {isa = PBXFileReference; lastKnownFileType = sourcecode.swift; path = TextSelectionBootcamp.swift; sourceTree = "<group>"; };
		379A3FFE2DF45151009ABF9B /* ButtonsBootcamp.swift */ = {isa = PBXFileReference; lastKnownFileType = sourcecode.swift; path = ButtonsBootcamp.swift; sourceTree = "<group>"; };
		37CEB1232DEC898D0037DA6A /* ColorPickerBootcamp.swift */ = {isa = PBXFileReference; lastKnownFileType = sourcecode.swift; path = ColorPickerBootcamp.swift; sourceTree = "<group>"; };
		37CEB1252DEC8B000037DA6A /* DatePickerBootcamp.swift */ = {isa = PBXFileReference; lastKnownFileType = sourcecode.swift; path = DatePickerBootcamp.swift; sourceTree = "<group>"; };
		37CEB1272DEC8E280037DA6A /* StepperBootcamp.swift */ = {isa = PBXFileReference; lastKnownFileType = sourcecode.swift; path = StepperBootcamp.swift; sourceTree = "<group>"; };
		37E8A6312DEF25B600952840 /* OnAppearBootcamp.swift */ = {isa = PBXFileReference; lastKnownFileType = sourcecode.swift; path = OnAppearBootcamp.swift; sourceTree = "<group>"; };
		37E8A6332DEF283200952840 /* IfLetGuardBootcamp.swift */ = {isa = PBXFileReference; lastKnownFileType = sourcecode.swift; path = IfLetGuardBootcamp.swift; sourceTree = "<group>"; };
		37E8A6352DEF349700952840 /* TapGestureBootcamp.swift */ = {isa = PBXFileReference; lastKnownFileType = sourcecode.swift; path = TapGestureBootcamp.swift; sourceTree = "<group>"; };
		37E8A6372DEF36E300952840 /* ModelBootcamp.swift */ = {isa = PBXFileReference; lastKnownFileType = sourcecode.swift; path = ModelBootcamp.swift; sourceTree = "<group>"; };
		37F519F82DEB4A3000B40ABE /* TransitionBootcamp.swift */ = {isa = PBXFileReference; lastKnownFileType = sourcecode.swift; path = TransitionBootcamp.swift; sourceTree = "<group>"; };
		37F519FA2DEB4C8A00B40ABE /* SheetsBootcamp.swift */ = {isa = PBXFileReference; lastKnownFileType = sourcecode.swift; path = SheetsBootcamp.swift; sourceTree = "<group>"; };
		37F519FC2DEB50FD00B40ABE /* PopoverBootcamp.swift */ = {isa = PBXFileReference; lastKnownFileType = sourcecode.swift; path = PopoverBootcamp.swift; sourceTree = "<group>"; };
		37F519FE2DEB552000B40ABE /* NavigationViewBootcamp.swift */ = {isa = PBXFileReference; lastKnownFileType = sourcecode.swift; path = NavigationViewBootcamp.swift; sourceTree = "<group>"; };
		37F51A002DEB598400B40ABE /* ListBootcamp.swift */ = {isa = PBXFileReference; lastKnownFileType = sourcecode.swift; path = ListBootcamp.swift; sourceTree = "<group>"; };
		37F51A022DEB5FDF00B40ABE /* AlertBootcamp.swift */ = {isa = PBXFileReference; lastKnownFileType = sourcecode.swift; path = AlertBootcamp.swift; sourceTree = "<group>"; };
		37F51A042DEB631000B40ABE /* ActionsheetBootcamp.swift */ = {isa = PBXFileReference; lastKnownFileType = sourcecode.swift; path = ActionsheetBootcamp.swift; sourceTree = "<group>"; };
/* End PBXFileReference section */

/* Begin PBXFrameworksBuildPhase section */
		371633A32DE4A10600B71769 /* Frameworks */ = {
			isa = PBXFrameworksBuildPhase;
			buildActionMask = 2147483647;
			files = (
			);
			runOnlyForDeploymentPostprocessing = 0;
		};
/* End PBXFrameworksBuildPhase section */

/* Begin PBXGroup section */
		37110BA92DE83A2600847AF9 /* SwiftfulThinkingBootcamp */ = {
			isa = PBXGroup;
			children = (
				37F51A042DEB631000B40ABE /* ActionsheetBootcamp.swift */,
				37F51A022DEB5FDF00B40ABE /* AlertBootcamp.swift */,
				37021D5E2DE9EABF004BE1C5 /* AnimationBootcamp.swift */,
				37021D602DE9ECAA004BE1C5 /* AnimationTimingBootcamp.swift */,
				3740FE272DF04078005CFAD3 /* AppStorageBootcamp.swift */,
				37110B9F2DE83A2600847AF9 /* Assets.xcassets */,
				379A3FF82DF45099009ABF9B /* AsyncImageBoocamp.swift */,
				37110BB42DE83B2200847AF9 /* BackgroundAndOverlayBootcamp.swift */,
				379A3FFA2DF450E1009ABF9B /* BackgroundMaterialsBootcamp.swift */,
				37021D582DE9E0E5004BE1C5 /* BindingBootcamp.swift */,
				37110BC82DE8519D00847AF9 /* ButtonStylesBootcamp.swift */,
				379A3FFE2DF45151009ABF9B /* ButtonsBootcamp.swift */,
				37CEB1232DEC898D0037DA6A /* ColorPickerBootcamp.swift */,
				37110BA02DE83A2600847AF9 /* ColorsBootcamp.swift */,
				37021D5A2DE9E407004BE1C5 /* ConditionalBootcamp.swift */,
				37110BA12DE83A2600847AF9 /* ContentView.swift */,
				379A3FFC2DF45124009ABF9B /* TextSelectionBootcamp.swift */,
				3796EF572DEC36120028DE95 /* ContextMenuBootcamp.swift */,
				3794D4DD2DEDE15E00747303 /* DarkModeBootcamp.swift */,
				37CEB1252DEC8B000037DA6A /* DatePickerBootcamp.swift */,
				3794D4DF2DEDE20800747303 /* DocumentationBootcamp.swift */,
				3740FE252DF02EFF005CFAD3 /* EnvironmentObjectBootcamp.swift */,
				37110BFC2DE8559B00847AF9 /* ExtractedFunctionsBootcamp.swift */,
				37110BFE2DE855D500847AF9 /* ExtractedSubviewsBoocamp.swift */,
				37110BC02DE8417D00847AF9 /* ForEachBootcamp.swift */,
				37110BA22DE83A2600847AF9 /* FrameBootcamp.swift */,
				37110BA32DE83A2600847AF9 /* GradientsBootcamp.swift */,
				37110BC42DE848CF00847AF9 /* GridBootcamp.swift */,
				37110BA42DE83A2600847AF9 /* IconsBootcamp.swift */,
				37E8A6332DEF283200952840 /* IfLetGuardBootcamp.swift */,
				37110BA52DE83A2600847AF9 /* ImagesBootcamp.swift */,
				37110BBE2DE83CC300847AF9 /* InitializerBootcamp.swift */,
				37F51A002DEB598400B40ABE /* ListBootcamp.swift */,
				37E8A6372DEF36E300952840 /* ModelBootcamp.swift */,
				37F519FE2DEB552000B40ABE /* NavigationViewBootcamp.swift */,
				37E8A6312DEF25B600952840 /* OnAppearBootcamp.swift */,
				375E1A892DF3172800BF9592 /* OnboardingViews */,
				37110BB82DE83BA600847AF9 /* PaddingAndSpacerBootcamp.swift */,
				3796EF5F2DEC43340028DE95 /* PickerBootcamp.swift */,
				37F519FC2DEB50FD00B40ABE /* PopoverBootcamp.swift */,
				37110BC62DE84DFE00847AF9 /* SafeAreaBootcamp.swift */,
				37110BC22DE8449F00847AF9 /* ScrollViewBootcamp.swift */,
				37110BA62DE83A2600847AF9 /* ShapesBootcamp.swift */,
				37F519FA2DEB4C8A00B40ABE /* SheetsBootcamp.swift */,
				3794D4D92DEDD63100747303 /* SliderBootcamp.swift */,
				37110BBC2DE83BE700847AF9 /* SpacerBootcamp.swift */,
				37110BB62DE83B5200847AF9 /* StacksBootcamp.swift */,
				37110BFA2DE8555C00847AF9 /* StateBootcamp.swift */,
				37CEB1272DEC8E280037DA6A /* StepperBootcamp.swift */,
				37110BA72DE83A2600847AF9 /* SwiftfulThinkingBootcampApp.swift */,
				3794D4DB2DEDD9F800747303 /* TabViewBootcamp.swift */,
				37E8A6352DEF349700952840 /* TapGestureBootcamp.swift */,
				37021D5C2DE9E82A004BE1C5 /* TernaryBootcamp.swift */,
				37110BA82DE83A2600847AF9 /* TextBootcamp.swift */,
				3796EF5B2DEC3EA20028DE95 /* TextEditorBootcamp.swift */,
				3796EF592DEC387B0028DE95 /* TextFieldBootcamp.swift */,
				3796EF5D2DEC41630028DE95 /* ToogleBootcamp.swift */,
				37F519F82DEB4A3000B40ABE /* TransitionBootcamp.swift */,
				3740FE232DF0290F005CFAD3 /* ViewModelBootcamp.swift */,
			);
			path = SwiftfulThinkingBootcamp;
			sourceTree = "<group>";
		};
		3716339D2DE4A10600B71769 = {
			isa = PBXGroup;
			children = (
				37110BA92DE83A2600847AF9 /* SwiftfulThinkingBootcamp */,
				371633A72DE4A10600B71769 /* Products */,
			);
			sourceTree = "<group>";
		};
		371633A72DE4A10600B71769 /* Products */ = {
			isa = PBXGroup;
			children = (
				371633A62DE4A10600B71769 /* SwiftfulThinkingBootcamp.app */,
			);
			name = Products;
			sourceTree = "<group>";
		};
		375E1A892DF3172800BF9592 /* OnboardingViews */ = {
			isa = PBXGroup;
			children = (
				375E1A8A2DF3173700BF9592 /* Introview.swift */,
				375E1A8C2DF3175300BF9592 /* ProfileView.swift */,
				375E1A8E2DF3177600BF9592 /* OnboardingView.swift */,
			);
			path = OnboardingViews;
			sourceTree = "<group>";
		};
/* End PBXGroup section */

/* Begin PBXNativeTarget section */
		371633A52DE4A10600B71769 /* SwiftfulThinkingBootcamp */ = {
			isa = PBXNativeTarget;
			buildConfigurationList = 371633B12DE4A10700B71769 /* Build configuration list for PBXNativeTarget "SwiftfulThinkingBootcamp" */;
			buildPhases = (
				371633A22DE4A10600B71769 /* Sources */,
				371633A32DE4A10600B71769 /* Frameworks */,
				371633A42DE4A10600B71769 /* Resources */,
			);
			buildRules = (
			);
			dependencies = (
			);
			name = SwiftfulThinkingBootcamp;
			packageProductDependencies = (
			);
			productName = SwiftfulThinkingBootcamp;
			productReference = 371633A62DE4A10600B71769 /* SwiftfulThinkingBootcamp.app */;
			productType = "com.apple.product-type.application";
		};
/* End PBXNativeTarget section */

/* Begin PBXProject section */
		3716339E2DE4A10600B71769 /* Project object */ = {
			isa = PBXProject;
			attributes = {
				BuildIndependentTargetsInParallel = 1;
				LastSwiftUpdateCheck = 1630;
				LastUpgradeCheck = 1630;
				TargetAttributes = {
					371633A52DE4A10600B71769 = {
						CreatedOnToolsVersion = 16.3;
					};
				};
			};
			buildConfigurationList = 371633A12DE4A10600B71769 /* Build configuration list for PBXProject "SwiftfulThinkingBootcamp" */;
			developmentRegion = en;
			hasScannedForEncodings = 0;
			knownRegions = (
				en,
				Base,
			);
			mainGroup = 3716339D2DE4A10600B71769;
			minimizedProjectReferenceProxies = 1;
			preferredProjectObjectVersion = 77;
			productRefGroup = 371633A72DE4A10600B71769 /* Products */;
			projectDirPath = "";
			projectRoot = "";
			targets = (
				371633A52DE4A10600B71769 /* SwiftfulThinkingBootcamp */,
			);
		};
/* End PBXProject section */

/* Begin PBXResourcesBuildPhase section */
		371633A42DE4A10600B71769 /* Resources */ = {
			isa = PBXResourcesBuildPhase;
			buildActionMask = 2147483647;
			files = (
				37110BAA2DE83A2600847AF9 /* Assets.xcassets in Resources */,
			);
			runOnlyForDeploymentPostprocessing = 0;
		};
/* End PBXResourcesBuildPhase section */

/* Begin PBXSourcesBuildPhase section */
		371633A22DE4A10600B71769 /* Sources */ = {
			isa = PBXSourcesBuildPhase;
			buildActionMask = 2147483647;
			files = (
				3796EF5E2DEC41630028DE95 /* ToogleBootcamp.swift in Sources */,
				37F51A052DEB631000B40ABE /* ActionsheetBootcamp.swift in Sources */,
				37F519FB2DEB4C8A00B40ABE /* SheetsBootcamp.swift in Sources */,
				3794D4DC2DEDD9F800747303 /* TabViewBootcamp.swift in Sources */,
				37110BFB2DE8555C00847AF9 /* StateBootcamp.swift in Sources */,
				37E8A6362DEF349700952840 /* TapGestureBootcamp.swift in Sources */,
				37E8A6382DEF36E300952840 /* ModelBootcamp.swift in Sources */,
				37110BAB2DE83A2600847AF9 /* ColorsBootcamp.swift in Sources */,
				3796EF5C2DEC3EA20028DE95 /* TextEditorBootcamp.swift in Sources */,
				37110BB52DE83B2200847AF9 /* BackgroundAndOverlayBootcamp.swift in Sources */,
				37CEB1262DEC8B000037DA6A /* DatePickerBootcamp.swift in Sources */,
				3794D4E02DEDE20800747303 /* DocumentationBootcamp.swift in Sources */,
				37110BC92DE8519D00847AF9 /* ButtonStylesBootcamp.swift in Sources */,
				375E1A8F2DF3177600BF9592 /* OnboardingView.swift in Sources */,
				37110BC32DE8449F00847AF9 /* ScrollViewBootcamp.swift in Sources */,
				3796EF582DEC36120028DE95 /* ContextMenuBootcamp.swift in Sources */,
				3796EF5A2DEC387B0028DE95 /* TextFieldBootcamp.swift in Sources */,
				37110BAC2DE83A2600847AF9 /* ContentView.swift in Sources */,
				375E1A8B2DF3173700BF9592 /* Introview.swift in Sources */,
				37E8A6342DEF283200952840 /* IfLetGuardBootcamp.swift in Sources */,
				379A3FFD2DF45124009ABF9B /* TextSelectionBootcamp.swift in Sources */,
				37110BAD2DE83A2600847AF9 /* FrameBootcamp.swift in Sources */,
				37110BFD2DE8559B00847AF9 /* ExtractedFunctionsBootcamp.swift in Sources */,
				37110BAE2DE83A2600847AF9 /* GradientsBootcamp.swift in Sources */,
				37110BBF2DE83CC300847AF9 /* InitializerBootcamp.swift in Sources */,
				37021D5D2DE9E82A004BE1C5 /* TernaryBootcamp.swift in Sources */,
				37F51A032DEB5FDF00B40ABE /* AlertBootcamp.swift in Sources */,
				37110BB92DE83BA600847AF9 /* PaddingAndSpacerBootcamp.swift in Sources */,
				3796EF602DEC433C0028DE95 /* PickerBootcamp.swift in Sources */,
				37110BC72DE84DFE00847AF9 /* SafeAreaBootcamp.swift in Sources */,
				37021D612DE9ECAA004BE1C5 /* AnimationTimingBootcamp.swift in Sources */,
				37110BAF2DE83A2600847AF9 /* IconsBootcamp.swift in Sources */,
				379A3FFF2DF45151009ABF9B /* ButtonsBootcamp.swift in Sources */,
				37110BC12DE8417D00847AF9 /* ForEachBootcamp.swift in Sources */,
				379A3FF92DF45099009ABF9B /* AsyncImageBoocamp.swift in Sources */,
				37110BB02DE83A2600847AF9 /* ImagesBootcamp.swift in Sources */,
				3740FE242DF0291D005CFAD3 /* ViewModelBootcamp.swift in Sources */,
				37110BB12DE83A2600847AF9 /* ShapesBootcamp.swift in Sources */,
				3740FE282DF04078005CFAD3 /* AppStorageBootcamp.swift in Sources */,
				37E8A6322DEF25B600952840 /* OnAppearBootcamp.swift in Sources */,
				37110BB72DE83B5200847AF9 /* StacksBootcamp.swift in Sources */,
				37F519F92DEB4A3000B40ABE /* TransitionBootcamp.swift in Sources */,
				37110BBD2DE83BE700847AF9 /* SpacerBootcamp.swift in Sources */,
				3794D4DE2DEDE15E00747303 /* DarkModeBootcamp.swift in Sources */,
				37CEB1282DEC8E280037DA6A /* StepperBootcamp.swift in Sources */,
				37F519FD2DEB50FD00B40ABE /* PopoverBootcamp.swift in Sources */,
				375E1A8D2DF3175300BF9592 /* ProfileView.swift in Sources */,
				37CEB1242DEC898D0037DA6A /* ColorPickerBootcamp.swift in Sources */,
				37021D592DE9E0E5004BE1C5 /* BindingBootcamp.swift in Sources */,
				379A3FFB2DF450E1009ABF9B /* BackgroundMaterialsBootcamp.swift in Sources */,
				37110BC52DE848CF00847AF9 /* GridBootcamp.swift in Sources */,
				3794D4DA2DEDD63900747303 /* SliderBootcamp.swift in Sources */,
				37021D5F2DE9EABF004BE1C5 /* AnimationBootcamp.swift in Sources */,
				37110BB22DE83A2600847AF9 /* SwiftfulThinkingBootcampApp.swift in Sources */,
				37F519FF2DEB552000B40ABE /* NavigationViewBootcamp.swift in Sources */,
				3740FE262DF02EFF005CFAD3 /* EnvironmentObjectBootcamp.swift in Sources */,
				37021D5B2DE9E407004BE1C5 /* ConditionalBootcamp.swift in Sources */,
				37110BFF2DE855D500847AF9 /* ExtractedSubviewsBoocamp.swift in Sources */,
				37F51A012DEB598400B40ABE /* ListBootcamp.swift in Sources */,
				37110BB32DE83A2600847AF9 /* TextBootcamp.swift in Sources */,
			);
			runOnlyForDeploymentPostprocessing = 0;
		};
/* End PBXSourcesBuildPhase section */

/* Begin XCBuildConfiguration section */
		371633AF2DE4A10700B71769 /* Debug */ = {
			isa = XCBuildConfiguration;
			buildSettings = {
				ALWAYS_SEARCH_USER_PATHS = NO;
				ASSETCATALOG_COMPILER_GENERATE_SWIFT_ASSET_SYMBOL_EXTENSIONS = YES;
				CLANG_ANALYZER_NONNULL = YES;
				CLANG_ANALYZER_NUMBER_OBJECT_CONVERSION = YES_AGGRESSIVE;
				CLANG_CXX_LANGUAGE_STANDARD = "gnu++20";
				CLANG_ENABLE_MODULES = YES;
				CLANG_ENABLE_OBJC_ARC = YES;
				CLANG_ENABLE_OBJC_WEAK = YES;
				CLANG_WARN_BLOCK_CAPTURE_AUTORELEASING = YES;
				CLANG_WARN_BOOL_CONVERSION = YES;
				CLANG_WARN_COMMA = YES;
				CLANG_WARN_CONSTANT_CONVERSION = YES;
				CLANG_WARN_DEPRECATED_OBJC_IMPLEMENTATIONS = YES;
				CLANG_WARN_DIRECT_OBJC_ISA_USAGE = YES_ERROR;
				CLANG_WARN_DOCUMENTATION_COMMENTS = YES;
				CLANG_WARN_EMPTY_BODY = YES;
				CLANG_WARN_ENUM_CONVERSION = YES;
				CLANG_WARN_INFINITE_RECURSION = YES;
				CLANG_WARN_INT_CONVERSION = YES;
				CLANG_WARN_NON_LITERAL_NULL_CONVERSION = YES;
				CLANG_WARN_OBJC_IMPLICIT_RETAIN_SELF = YES;
				CLANG_WARN_OBJC_LITERAL_CONVERSION = YES;
				CLANG_WARN_OBJC_ROOT_CLASS = YES_ERROR;
				CLANG_WARN_QUOTED_INCLUDE_IN_FRAMEWORK_HEADER = YES;
				CLANG_WARN_RANGE_LOOP_ANALYSIS = YES;
				CLANG_WARN_STRICT_PROTOTYPES = YES;
				CLANG_WARN_SUSPICIOUS_MOVE = YES;
				CLANG_WARN_UNGUARDED_AVAILABILITY = YES_AGGRESSIVE;
				CLANG_WARN_UNREACHABLE_CODE = YES;
				CLANG_WARN__DUPLICATE_METHOD_MATCH = YES;
				COPY_PHASE_STRIP = NO;
				DEBUG_INFORMATION_FORMAT = dwarf;
				DEVELOPMENT_TEAM = R5L72AD597;
				ENABLE_STRICT_OBJC_MSGSEND = YES;
				ENABLE_TESTABILITY = YES;
				ENABLE_USER_SCRIPT_SANDBOXING = YES;
				GCC_C_LANGUAGE_STANDARD = gnu17;
				GCC_DYNAMIC_NO_PIC = NO;
				GCC_NO_COMMON_BLOCKS = YES;
				GCC_OPTIMIZATION_LEVEL = 0;
				GCC_PREPROCESSOR_DEFINITIONS = (
					"DEBUG=1",
					"$(inherited)",
				);
				GCC_WARN_64_TO_32_BIT_CONVERSION = YES;
				GCC_WARN_ABOUT_RETURN_TYPE = YES_ERROR;
				GCC_WARN_UNDECLARED_SELECTOR = YES;
				GCC_WARN_UNINITIALIZED_AUTOS = YES_AGGRESSIVE;
				GCC_WARN_UNUSED_FUNCTION = YES;
				GCC_WARN_UNUSED_VARIABLE = YES;
				IPHONEOS_DEPLOYMENT_TARGET = 18.4;
				LOCALIZATION_PREFERS_STRING_CATALOGS = YES;
				MTL_ENABLE_DEBUG_INFO = INCLUDE_SOURCE;
				MTL_FAST_MATH = YES;
				ONLY_ACTIVE_ARCH = YES;
				SDKROOT = iphoneos;
				SWIFT_ACTIVE_COMPILATION_CONDITIONS = "DEBUG $(inherited)";
				SWIFT_OPTIMIZATION_LEVEL = "-Onone";
			};
			name = Debug;
		};
		371633B02DE4A10700B71769 /* Release */ = {
			isa = XCBuildConfiguration;
			buildSettings = {
				ALWAYS_SEARCH_USER_PATHS = NO;
				ASSETCATALOG_COMPILER_GENERATE_SWIFT_ASSET_SYMBOL_EXTENSIONS = YES;
				CLANG_ANALYZER_NONNULL = YES;
				CLANG_ANALYZER_NUMBER_OBJECT_CONVERSION = YES_AGGRESSIVE;
				CLANG_CXX_LANGUAGE_STANDARD = "gnu++20";
				CLANG_ENABLE_MODULES = YES;
				CLANG_ENABLE_OBJC_ARC = YES;
				CLANG_ENABLE_OBJC_WEAK = YES;
				CLANG_WARN_BLOCK_CAPTURE_AUTORELEASING = YES;
				CLANG_WARN_BOOL_CONVERSION = YES;
				CLANG_WARN_COMMA = YES;
				CLANG_WARN_CONSTANT_CONVERSION = YES;
				CLANG_WARN_DEPRECATED_OBJC_IMPLEMENTATIONS = YES;
				CLANG_WARN_DIRECT_OBJC_ISA_USAGE = YES_ERROR;
				CLANG_WARN_DOCUMENTATION_COMMENTS = YES;
				CLANG_WARN_EMPTY_BODY = YES;
				CLANG_WARN_ENUM_CONVERSION = YES;
				CLANG_WARN_INFINITE_RECURSION = YES;
				CLANG_WARN_INT_CONVERSION = YES;
				CLANG_WARN_NON_LITERAL_NULL_CONVERSION = YES;
				CLANG_WARN_OBJC_IMPLICIT_RETAIN_SELF = YES;
				CLANG_WARN_OBJC_LITERAL_CONVERSION = YES;
				CLANG_WARN_OBJC_ROOT_CLASS = YES_ERROR;
				CLANG_WARN_QUOTED_INCLUDE_IN_FRAMEWORK_HEADER = YES;
				CLANG_WARN_RANGE_LOOP_ANALYSIS = YES;
				CLANG_WARN_STRICT_PROTOTYPES = YES;
				CLANG_WARN_SUSPICIOUS_MOVE = YES;
				CLANG_WARN_UNGUARDED_AVAILABILITY = YES_AGGRESSIVE;
				CLANG_WARN_UNREACHABLE_CODE = YES;
				CLANG_WARN__DUPLICATE_METHOD_MATCH = YES;
				COPY_PHASE_STRIP = NO;
				DEBUG_INFORMATION_FORMAT = "dwarf-with-dsym";
				DEVELOPMENT_TEAM = R5L72AD597;
				ENABLE_NS_ASSERTIONS = NO;
				ENABLE_STRICT_OBJC_MSGSEND = YES;
				ENABLE_USER_SCRIPT_SANDBOXING = YES;
				GCC_C_LANGUAGE_STANDARD = gnu17;
				GCC_NO_COMMON_BLOCKS = YES;
				GCC_WARN_64_TO_32_BIT_CONVERSION = YES;
				GCC_WARN_ABOUT_RETURN_TYPE = YES_ERROR;
				GCC_WARN_UNDECLARED_SELECTOR = YES;
				GCC_WARN_UNINITIALIZED_AUTOS = YES_AGGRESSIVE;
				GCC_WARN_UNUSED_FUNCTION = YES;
				GCC_WARN_UNUSED_VARIABLE = YES;
				IPHONEOS_DEPLOYMENT_TARGET = 18.4;
				LOCALIZATION_PREFERS_STRING_CATALOGS = YES;
				MTL_ENABLE_DEBUG_INFO = NO;
				MTL_FAST_MATH = YES;
				SDKROOT = iphoneos;
				SWIFT_COMPILATION_MODE = wholemodule;
				VALIDATE_PRODUCT = YES;
			};
			name = Release;
		};
		371633B22DE4A10700B71769 /* Debug */ = {
			isa = XCBuildConfiguration;
			buildSettings = {
				ASSETCATALOG_COMPILER_APPICON_NAME = AppIcon;
				ASSETCATALOG_COMPILER_GLOBAL_ACCENT_COLOR_NAME = AccentColor;
				CODE_SIGN_STYLE = Automatic;
				CURRENT_PROJECT_VERSION = 1;
				DEVELOPMENT_TEAM = R5L72AD597;
				ENABLE_PREVIEWS = YES;
				GENERATE_INFOPLIST_FILE = YES;
				INFOPLIST_KEY_UIApplicationSceneManifest_Generation = YES;
				INFOPLIST_KEY_UIApplicationSupportsIndirectInputEvents = YES;
				INFOPLIST_KEY_UILaunchScreen_Generation = YES;
				INFOPLIST_KEY_UISupportedInterfaceOrientations_iPad = "UIInterfaceOrientationPortrait UIInterfaceOrientationPortraitUpsideDown UIInterfaceOrientationLandscapeLeft UIInterfaceOrientationLandscapeRight";
				INFOPLIST_KEY_UISupportedInterfaceOrientations_iPhone = "UIInterfaceOrientationPortrait UIInterfaceOrientationLandscapeLeft UIInterfaceOrientationLandscapeRight";
				LD_RUNPATH_SEARCH_PATHS = (
					"$(inherited)",
					"@executable_path/Frameworks",
				);
				MARKETING_VERSION = 1.0;
				PRODUCT_BUNDLE_IDENTIFIER = com.oliviergeiger.SwiftfulThinkingBootcamp;
				PRODUCT_NAME = "$(TARGET_NAME)";
				SWIFT_EMIT_LOC_STRINGS = YES;
				SWIFT_VERSION = 5.0;
				TARGETED_DEVICE_FAMILY = "1,2";
			};
			name = Debug;
		};
		371633B32DE4A10700B71769 /* Release */ = {
			isa = XCBuildConfiguration;
			buildSettings = {
				ASSETCATALOG_COMPILER_APPICON_NAME = AppIcon;
				ASSETCATALOG_COMPILER_GLOBAL_ACCENT_COLOR_NAME = AccentColor;
				CODE_SIGN_STYLE = Automatic;
				CURRENT_PROJECT_VERSION = 1;
				DEVELOPMENT_TEAM = R5L72AD597;
				ENABLE_PREVIEWS = YES;
				GENERATE_INFOPLIST_FILE = YES;
				INFOPLIST_KEY_UIApplicationSceneManifest_Generation = YES;
				INFOPLIST_KEY_UIApplicationSupportsIndirectInputEvents = YES;
				INFOPLIST_KEY_UILaunchScreen_Generation = YES;
				INFOPLIST_KEY_UISupportedInterfaceOrientations_iPad = "UIInterfaceOrientationPortrait UIInterfaceOrientationPortraitUpsideDown UIInterfaceOrientationLandscapeLeft UIInterfaceOrientationLandscapeRight";
				INFOPLIST_KEY_UISupportedInterfaceOrientations_iPhone = "UIInterfaceOrientationPortrait UIInterfaceOrientationLandscapeLeft UIInterfaceOrientationLandscapeRight";
				LD_RUNPATH_SEARCH_PATHS = (
					"$(inherited)",
					"@executable_path/Frameworks",
				);
				MARKETING_VERSION = 1.0;
				PRODUCT_BUNDLE_IDENTIFIER = com.oliviergeiger.SwiftfulThinkingBootcamp;
				PRODUCT_NAME = "$(TARGET_NAME)";
				SWIFT_EMIT_LOC_STRINGS = YES;
				SWIFT_VERSION = 5.0;
				TARGETED_DEVICE_FAMILY = "1,2";
			};
			name = Release;
		};
/* End XCBuildConfiguration section */

/* Begin XCConfigurationList section */
		371633A12DE4A10600B71769 /* Build configuration list for PBXProject "SwiftfulThinkingBootcamp" */ = {
			isa = XCConfigurationList;
			buildConfigurations = (
				371633AF2DE4A10700B71769 /* Debug */,
				371633B02DE4A10700B71769 /* Release */,
			);
			defaultConfigurationIsVisible = 0;
			defaultConfigurationName = Release;
		};
		371633B12DE4A10700B71769 /* Build configuration list for PBXNativeTarget "SwiftfulThinkingBootcamp" */ = {
			isa = XCConfigurationList;
			buildConfigurations = (
				371633B22DE4A10700B71769 /* Debug */,
				371633B32DE4A10700B71769 /* Release */,
			);
			defaultConfigurationIsVisible = 0;
			defaultConfigurationName = Release;
		};
/* End XCConfigurationList section */
	};
	rootObject = 3716339E2DE4A10600B71769 /* Project object */;
}
